
Microsoft Visual Studio Solution File, Format Version 12.00
# Visual Studio 2013
VisualStudioVersion = 12.0.30501.0
MinimumVisualStudioVersion = 10.0.40219.1
Project("{FAE04EC0-301F-11D3-BF4B-00C04F79EFBC}") = "OOConcepts", "OOConcepts\OOConcepts.csproj", "{CAA7D6EB-63FF-43E3-B196-FD12C092EC41}"
EndProject
Global
	GlobalSection(SolutionConfigurationPlatforms) = preSolution
		Debug|Any CPU = Debug|Any CPU
		Release|Any CPU = Release|Any CPU
	EndGlobalSection
	GlobalSection(ProjectConfigurationPlatforms) = postSolution
		{CAA7D6EB-63FF-43E3-B196-FD12C092EC41}.Debug|Any CPU.ActiveCfg = Debug|Any CPU
		{CAA7D6EB-63FF-43E3-B196-FD12C092EC41}.Debug|Any CPU.Build.0 = Debug|Any CPU
		{CAA7D6EB-63FF-43E3-B196-FD12C092EC41}.Release|Any CPU.ActiveCfg = Release|Any CPU
		{CAA7D6EB-63FF-43E3-B196-FD12C092EC41}.Release|Any CPU.Build.0 = Release|Any CPU
	EndGlobalSection
	GlobalSection(SolutionProperties) = preSolution
		HideSolutionNode = FALSE
	EndGlobalSection
EndGlobal
