
Microsoft Visual Studio Solution File, Format Version 12.00
# Visual Studio 2015
Project("{FAE04EC0-301F-11D3-BF4B-00C04F79EFBC}") = "VisAr3D-Dynamic.CSharp", "VisAr3D-Dynamic.CSharp.csproj", "{71E86A8F-2758-5FBA-9A69-4629C781F251}"
EndProject
Global
	GlobalSection(SolutionConfigurationPlatforms) = preSolution
		Debug|Any CPU = Debug|Any CPU
		Release|Any CPU = Release|Any CPU
	EndGlobalSection
	GlobalSection(ProjectConfigurationPlatforms) = postSolution
		{71E86A8F-2758-5FBA-9A69-4629C781F251}.Debug|Any CPU.ActiveCfg = Debug|Any CPU
		{71E86A8F-2758-5FBA-9A69-4629C781F251}.Debug|Any CPU.Build.0 = Debug|Any CPU
		{71E86A8F-2758-5FBA-9A69-4629C781F251}.Release|Any CPU.ActiveCfg = Release|Any CPU
		{71E86A8F-2758-5FBA-9A69-4629C781F251}.Release|Any CPU.Build.0 = Release|Any CPU
	EndGlobalSection
	GlobalSection(SolutionProperties) = preSolution
		HideSolutionNode = FALSE
	EndGlobalSection
EndGlobal
