
Microsoft Visual Studio Solution File, Format Version 12.00
# Visual Studio 2013
VisualStudioVersion = 12.0.30501.0
MinimumVisualStudioVersion = 10.0.40219.1
Project("{FAE04EC0-301F-11D3-BF4B-00C04F79EFBC}") = "MenuComponent", "MenuComponent\MenuComponent.csproj", "{DFC098C4-A858-42D9-AC52-84B675F8CEFB}"
EndProject
Global
	GlobalSection(SolutionConfigurationPlatforms) = preSolution
		Debug|Any CPU = Debug|Any CPU
		Release|Any CPU = Release|Any CPU
	EndGlobalSection
	GlobalSection(ProjectConfigurationPlatforms) = postSolution
		{DFC098C4-A858-42D9-AC52-84B675F8CEFB}.Debug|Any CPU.ActiveCfg = Debug|Any CPU
		{DFC098C4-A858-42D9-AC52-84B675F8CEFB}.Debug|Any CPU.Build.0 = Debug|Any CPU
		{DFC098C4-A858-42D9-AC52-84B675F8CEFB}.Release|Any CPU.ActiveCfg = Release|Any CPU
		{DFC098C4-A858-42D9-AC52-84B675F8CEFB}.Release|Any CPU.Build.0 = Release|Any CPU
	EndGlobalSection
	GlobalSection(SolutionProperties) = preSolution
		HideSolutionNode = FALSE
	EndGlobalSection
EndGlobal
